// !$*UTF8*$!
{
	archiveVersion = 1;
	classes = {
	};
	objectVersion = 45;
	objects = {

/* Begin PBXBuildFile section */
		1DDD58160DA1D0A300B32029 /* MainMenu.xib in Resources */ = {isa = PBXBuildFile; fileRef = 1DDD58140DA1D0A300B32029 /* MainMenu.xib */; };
		256AC3DA0F4B6AC300CF3369 /* BRSearchFieldAppDelegate.m in Sources */ = {isa = PBXBuildFile; fileRef = 256AC3D90F4B6AC300CF3369 /* BRSearchFieldAppDelegate.m */; };
		551F8A831088A95A00A5FCBC /* libAppLib.a in Frameworks */ = {isa = PBXBuildFile; fileRef = 55B4C9B31088A4DD00869682 /* libAppLib.a */; };
		55375A581121DAAE0015B1D7 /* Foo.h in Headers */ = {isa = PBXBuildFile; fileRef = 55375A561121DAAE0015B1D7 /* Foo.h */; };
		55375A591121DAAE0015B1D7 /* Foo.m in Sources */ = {isa = PBXBuildFile; fileRef = 55375A571121DAAE0015B1D7 /* Foo.m */; };
		55375A5D1121DDC90015B1D7 /* SearchFieldCell.m in Sources */ = {isa = PBXBuildFile; fileRef = 55375A5C1121DDC90015B1D7 /* SearchFieldCell.m */; };
		55375AC3112203650015B1D7 /* SearchIcon.png in Resources */ = {isa = PBXBuildFile; fileRef = 55375AC2112203650015B1D7 /* SearchIcon.png */; };
		55375ADE112206790015B1D7 /* SearchField.m in Sources */ = {isa = PBXBuildFile; fileRef = 55375ADD112206790015B1D7 /* SearchField.m */; };
		55375B1A1122EAE20015B1D7 /* SearchMenuWindow.m in Sources */ = {isa = PBXBuildFile; fileRef = 55375B191122EAE20015B1D7 /* SearchMenuWindow.m */; };
		55375B1D1122EB6B0015B1D7 /* SearchMenuView.m in Sources */ = {isa = PBXBuildFile; fileRef = 55375B1C1122EB6B0015B1D7 /* SearchMenuView.m */; };
		55375F1B1126FF780015B1D7 /* SearchFieldTextView.m in Sources */ = {isa = PBXBuildFile; fileRef = 55375F1A1126FF780015B1D7 /* SearchFieldTextView.m */; };
		55B4C9B81088A4F000869682 /* libAppLib.a in Frameworks */ = {isa = PBXBuildFile; fileRef = 55B4C9B31088A4DD00869682 /* libAppLib.a */; };
		55B4C9BA1088A50300869682 /* Cocoa.framework in Frameworks */ = {isa = PBXBuildFile; fileRef = 55B4C9B91088A50300869682 /* Cocoa.framework */; };
		55B4C9BF1088A57C00869682 /* TestCase.m in Sources */ = {isa = PBXBuildFile; fileRef = 55B4C9BD1088A57C00869682 /* TestCase.m */; };
		55B4C9C01088A57C00869682 /* TestMain.m in Sources */ = {isa = PBXBuildFile; fileRef = 55B4C9BE1088A57C00869682 /* TestMain.m */; };
		8D11072B0486CEB800E47090 /* InfoPlist.strings in Resources */ = {isa = PBXBuildFile; fileRef = 089C165CFE840E0CC02AAC07 /* InfoPlist.strings */; };
		8D11072D0486CEB800E47090 /* main.m in Sources */ = {isa = PBXBuildFile; fileRef = 29B97316FDCFA39411CA2CEA /* main.m */; settings = {ATTRIBUTES = (); }; };
		8D11072F0486CEB800E47090 /* Cocoa.framework in Frameworks */ = {isa = PBXBuildFile; fileRef = 1058C7A1FEA54F0111CA2CBB /* Cocoa.framework */; };
/* End PBXBuildFile section */

/* Begin PBXContainerItemProxy section */
		551F8A811088A95600A5FCBC /* PBXContainerItemProxy */ = {
			isa = PBXContainerItemProxy;
			containerPortal = 29B97313FDCFA39411CA2CEA /* Project object */;
			proxyType = 1;
			remoteGlobalIDString = 55B4C9B21088A4DD00869682;
			remoteInfo = AppLib;
		};
		55B4C9B61088A4EB00869682 /* PBXContainerItemProxy */ = {
			isa = PBXContainerItemProxy;
			containerPortal = 29B97313FDCFA39411CA2CEA /* Project object */;
			proxyType = 1;
			remoteGlobalIDString = 55B4C9B21088A4DD00869682;
			remoteInfo = AppLib;
		};
/* End PBXContainerItemProxy section */

/* Begin PBXFileReference section */
		089C165DFE840E0CC02AAC07 /* English */ = {isa = PBXFileReference; fileEncoding = 4; lastKnownFileType = text.plist.strings; name = English; path = English.lproj/InfoPlist.strings; sourceTree = "<group>"; };
		1058C7A1FEA54F0111CA2CBB /* Cocoa.framework */ = {isa = PBXFileReference; lastKnownFileType = wrapper.framework; name = Cocoa.framework; path = /System/Library/Frameworks/Cocoa.framework; sourceTree = "<absolute>"; };
		13E42FB307B3F0F600E4EEF1 /* CoreData.framework */ = {isa = PBXFileReference; lastKnownFileType = wrapper.framework; name = CoreData.framework; path = /System/Library/Frameworks/CoreData.framework; sourceTree = "<absolute>"; };
		1DDD58150DA1D0A300B32029 /* English */ = {isa = PBXFileReference; lastKnownFileType = file.xib; name = English; path = English.lproj/MainMenu.xib; sourceTree = "<group>"; };
		256AC3D80F4B6AC300CF3369 /* BRSearchFieldAppDelegate.h */ = {isa = PBXFileReference; fileEncoding = 4; lastKnownFileType = sourcecode.c.h; path = BRSearchFieldAppDelegate.h; sourceTree = "<group>"; };
		256AC3D90F4B6AC300CF3369 /* BRSearchFieldAppDelegate.m */ = {isa = PBXFileReference; fileEncoding = 4; lastKnownFileType = sourcecode.c.objc; path = BRSearchFieldAppDelegate.m; sourceTree = "<group>"; };
		256AC3F00F4B6AF500CF3369 /* BRSearchField_Prefix.pch */ = {isa = PBXFileReference; fileEncoding = 4; lastKnownFileType = sourcecode.c.h; path = BRSearchField_Prefix.pch; sourceTree = "<group>"; };
		29B97316FDCFA39411CA2CEA /* main.m */ = {isa = PBXFileReference; fileEncoding = 4; lastKnownFileType = sourcecode.c.objc; path = main.m; sourceTree = "<group>"; };
		29B97324FDCFA39411CA2CEA /* AppKit.framework */ = {isa = PBXFileReference; lastKnownFileType = wrapper.framework; name = AppKit.framework; path = /System/Library/Frameworks/AppKit.framework; sourceTree = "<absolute>"; };
		29B97325FDCFA39411CA2CEA /* Foundation.framework */ = {isa = PBXFileReference; lastKnownFileType = wrapper.framework; name = Foundation.framework; path = /System/Library/Frameworks/Foundation.framework; sourceTree = "<absolute>"; };
		55375A561121DAAE0015B1D7 /* Foo.h */ = {isa = PBXFileReference; fileEncoding = 4; lastKnownFileType = sourcecode.c.h; path = Foo.h; sourceTree = "<group>"; };
		55375A571121DAAE0015B1D7 /* Foo.m */ = {isa = PBXFileReference; fileEncoding = 4; lastKnownFileType = sourcecode.c.objc; path = Foo.m; sourceTree = "<group>"; };
		55375A5B1121DDC90015B1D7 /* SearchFieldCell.h */ = {isa = PBXFileReference; fileEncoding = 4; lastKnownFileType = sourcecode.c.h; path = SearchFieldCell.h; sourceTree = "<group>"; };
		55375A5C1121DDC90015B1D7 /* SearchFieldCell.m */ = {isa = PBXFileReference; fileEncoding = 4; lastKnownFileType = sourcecode.c.objc; path = SearchFieldCell.m; sourceTree = "<group>"; };
		55375AC2112203650015B1D7 /* SearchIcon.png */ = {isa = PBXFileReference; lastKnownFileType = image.png; path = SearchIcon.png; sourceTree = "<group>"; };
		55375ADC112206790015B1D7 /* SearchField.h */ = {isa = PBXFileReference; fileEncoding = 4; lastKnownFileType = sourcecode.c.h; path = SearchField.h; sourceTree = "<group>"; };
		55375ADD112206790015B1D7 /* SearchField.m */ = {isa = PBXFileReference; fileEncoding = 4; lastKnownFileType = sourcecode.c.objc; path = SearchField.m; sourceTree = "<group>"; };
		55375B181122EAE20015B1D7 /* SearchMenuWindow.h */ = {isa = PBXFileReference; fileEncoding = 4; lastKnownFileType = sourcecode.c.h; path = SearchMenuWindow.h; sourceTree = "<group>"; };
		55375B191122EAE20015B1D7 /* SearchMenuWindow.m */ = {isa = PBXFileReference; fileEncoding = 4; lastKnownFileType = sourcecode.c.objc; path = SearchMenuWindow.m; sourceTree = "<group>"; };
		55375B1B1122EB6B0015B1D7 /* SearchMenuView.h */ = {isa = PBXFileReference; fileEncoding = 4; lastKnownFileType = sourcecode.c.h; path = SearchMenuView.h; sourceTree = "<group>"; };
		55375B1C1122EB6B0015B1D7 /* SearchMenuView.m */ = {isa = PBXFileReference; fileEncoding = 4; lastKnownFileType = sourcecode.c.objc; path = SearchMenuView.m; sourceTree = "<group>"; };
		55375F191126FF780015B1D7 /* SearchFieldTextView.h */ = {isa = PBXFileReference; fileEncoding = 4; lastKnownFileType = sourcecode.c.h; path = SearchFieldTextView.h; sourceTree = "<group>"; };
		55375F1A1126FF780015B1D7 /* SearchFieldTextView.m */ = {isa = PBXFileReference; fileEncoding = 4; lastKnownFileType = sourcecode.c.objc; path = SearchFieldTextView.m; sourceTree = "<group>"; };
		55B4C9AA1088A4AC00869682 /* Tests */ = {isa = PBXFileReference; explicitFileType = "compiled.mach-o.executable"; includeInIndex = 0; path = Tests; sourceTree = BUILT_PRODUCTS_DIR; };
		55B4C9B31088A4DD00869682 /* libAppLib.a */ = {isa = PBXFileReference; explicitFileType = archive.ar; includeInIndex = 0; path = libAppLib.a; sourceTree = BUILT_PRODUCTS_DIR; };
		55B4C9B91088A50300869682 /* Cocoa.framework */ = {isa = PBXFileReference; lastKnownFileType = wrapper.framework; name = Cocoa.framework; path = System/Library/Frameworks/Cocoa.framework; sourceTree = SDKROOT; };
		55B4C9BC1088A57C00869682 /* TestCase.h */ = {isa = PBXFileReference; fileEncoding = 4; lastKnownFileType = sourcecode.c.h; path = TestCase.h; sourceTree = "<group>"; };
		55B4C9BD1088A57C00869682 /* TestCase.m */ = {isa = PBXFileReference; fileEncoding = 4; lastKnownFileType = sourcecode.c.objc; path = TestCase.m; sourceTree = "<group>"; };
		55B4C9BE1088A57C00869682 /* TestMain.m */ = {isa = PBXFileReference; fileEncoding = 4; lastKnownFileType = sourcecode.c.objc; path = TestMain.m; sourceTree = "<group>"; };
		8D1107310486CEB800E47090 /* BRSearchField-Info.plist */ = {isa = PBXFileReference; fileEncoding = 4; lastKnownFileType = text.plist.xml; path = "BRSearchField-Info.plist"; sourceTree = "<group>"; };
		8D1107320486CEB800E47090 /* BRSearchField.app */ = {isa = PBXFileReference; explicitFileType = wrapper.application; includeInIndex = 0; path = BRSearchField.app; sourceTree = BUILT_PRODUCTS_DIR; };
/* End PBXFileReference section */

/* Begin PBXFrameworksBuildPhase section */
		55B4C9A81088A4AC00869682 /* Frameworks */ = {
			isa = PBXFrameworksBuildPhase;
			buildActionMask = 2147483647;
			files = (
				55B4C9B81088A4F000869682 /* libAppLib.a in Frameworks */,
				55B4C9BA1088A50300869682 /* Cocoa.framework in Frameworks */,
			);
			runOnlyForDeploymentPostprocessing = 0;
		};
		55B4C9B11088A4DD00869682 /* Frameworks */ = {
			isa = PBXFrameworksBuildPhase;
			buildActionMask = 2147483647;
			files = (
			);
			runOnlyForDeploymentPostprocessing = 0;
		};
		8D11072E0486CEB800E47090 /* Frameworks */ = {
			isa = PBXFrameworksBuildPhase;
			buildActionMask = 2147483647;
			files = (
				8D11072F0486CEB800E47090 /* Cocoa.framework in Frameworks */,
				551F8A831088A95A00A5FCBC /* libAppLib.a in Frameworks */,
			);
			runOnlyForDeploymentPostprocessing = 0;
		};
/* End PBXFrameworksBuildPhase section */

/* Begin PBXGroup section */
		080E96DDFE201D6D7F000001 /* Classes */ = {
			isa = PBXGroup;
			children = (
				256AC3D80F4B6AC300CF3369 /* BRSearchFieldAppDelegate.h */,
				256AC3D90F4B6AC300CF3369 /* BRSearchFieldAppDelegate.m */,
				55375A561121DAAE0015B1D7 /* Foo.h */,
				55375A571121DAAE0015B1D7 /* Foo.m */,
				55375A5B1121DDC90015B1D7 /* SearchFieldCell.h */,
				55375A5C1121DDC90015B1D7 /* SearchFieldCell.m */,
				55375ADC112206790015B1D7 /* SearchField.h */,
				55375ADD112206790015B1D7 /* SearchField.m */,
				55375B181122EAE20015B1D7 /* SearchMenuWindow.h */,
				55375B191122EAE20015B1D7 /* SearchMenuWindow.m */,
				55375B1B1122EB6B0015B1D7 /* SearchMenuView.h */,
				55375B1C1122EB6B0015B1D7 /* SearchMenuView.m */,
				55375F191126FF780015B1D7 /* SearchFieldTextView.h */,
				55375F1A1126FF780015B1D7 /* SearchFieldTextView.m */,
			);
			name = Classes;
			sourceTree = "<group>";
		};
		1058C7A0FEA54F0111CA2CBB /* Linked Frameworks */ = {
			isa = PBXGroup;
			children = (
				1058C7A1FEA54F0111CA2CBB /* Cocoa.framework */,
			);
			name = "Linked Frameworks";
			sourceTree = "<group>";
		};
		1058C7A2FEA54F0111CA2CBB /* Other Frameworks */ = {
			isa = PBXGroup;
			children = (
				29B97324FDCFA39411CA2CEA /* AppKit.framework */,
				13E42FB307B3F0F600E4EEF1 /* CoreData.framework */,
				29B97325FDCFA39411CA2CEA /* Foundation.framework */,
			);
			name = "Other Frameworks";
			sourceTree = "<group>";
		};
		19C28FACFE9D520D11CA2CBB /* Products */ = {
			isa = PBXGroup;
			children = (
				8D1107320486CEB800E47090 /* BRSearchField.app */,
				55B4C9AA1088A4AC00869682 /* Tests */,
				55B4C9B31088A4DD00869682 /* libAppLib.a */,
			);
			name = Products;
			sourceTree = "<group>";
		};
		29B97314FDCFA39411CA2CEA /* BRSearchField */ = {
			isa = PBXGroup;
			children = (
				55B4C99D1088A42F00869682 /* Tests */,
				080E96DDFE201D6D7F000001 /* Classes */,
				29B97315FDCFA39411CA2CEA /* Other Sources */,
				29B97317FDCFA39411CA2CEA /* Resources */,
				29B97323FDCFA39411CA2CEA /* Frameworks */,
				19C28FACFE9D520D11CA2CBB /* Products */,
				55B4C9B91088A50300869682 /* Cocoa.framework */,
			);
			name = BRSearchField;
			sourceTree = "<group>";
		};
		29B97315FDCFA39411CA2CEA /* Other Sources */ = {
			isa = PBXGroup;
			children = (
				256AC3F00F4B6AF500CF3369 /* BRSearchField_Prefix.pch */,
				29B97316FDCFA39411CA2CEA /* main.m */,
			);
			name = "Other Sources";
			sourceTree = "<group>";
		};
		29B97317FDCFA39411CA2CEA /* Resources */ = {
			isa = PBXGroup;
			children = (
				55375AC2112203650015B1D7 /* SearchIcon.png */,
				8D1107310486CEB800E47090 /* BRSearchField-Info.plist */,
				089C165CFE840E0CC02AAC07 /* InfoPlist.strings */,
				1DDD58140DA1D0A300B32029 /* MainMenu.xib */,
			);
			name = Resources;
			sourceTree = "<group>";
		};
		29B97323FDCFA39411CA2CEA /* Frameworks */ = {
			isa = PBXGroup;
			children = (
				1058C7A0FEA54F0111CA2CBB /* Linked Frameworks */,
				1058C7A2FEA54F0111CA2CBB /* Other Frameworks */,
			);
			name = Frameworks;
			sourceTree = "<group>";
		};
		55B4C99D1088A42F00869682 /* Tests */ = {
			isa = PBXGroup;
			children = (
				55B4C9BC1088A57C00869682 /* TestCase.h */,
				55B4C9BD1088A57C00869682 /* TestCase.m */,
				55B4C9BE1088A57C00869682 /* TestMain.m */,
			);
			path = Tests;
			sourceTree = "<group>";
		};
/* End PBXGroup section */

/* Begin PBXHeadersBuildPhase section */
		55B4C9AF1088A4DD00869682 /* Headers */ = {
			isa = PBXHeadersBuildPhase;
			buildActionMask = 2147483647;
			files = (
				55375A581121DAAE0015B1D7 /* Foo.h in Headers */,
			);
			runOnlyForDeploymentPostprocessing = 0;
		};
/* End PBXHeadersBuildPhase section */

/* Begin PBXNativeTarget section */
		55B4C9A91088A4AC00869682 /* Tests */ = {
			isa = PBXNativeTarget;
			buildConfigurationList = 55B4C9AE1088A4CA00869682 /* Build configuration list for PBXNativeTarget "Tests" */;
			buildPhases = (
				55B4C9A71088A4AC00869682 /* Sources */,
				55B4C9A81088A4AC00869682 /* Frameworks */,
			);
			buildRules = (
			);
			dependencies = (
				55B4C9B71088A4EB00869682 /* PBXTargetDependency */,
			);
			name = Tests;
			productName = Tests;
			productReference = 55B4C9AA1088A4AC00869682 /* Tests */;
			productType = "com.apple.product-type.tool";
		};
		55B4C9B21088A4DD00869682 /* AppLib */ = {
			isa = PBXNativeTarget;
			buildConfigurationList = 55B4C9BB1088A50400869682 /* Build configuration list for PBXNativeTarget "AppLib" */;
			buildPhases = (
				55B4C9AF1088A4DD00869682 /* Headers */,
				55B4C9B01088A4DD00869682 /* Sources */,
				55B4C9B11088A4DD00869682 /* Frameworks */,
			);
			buildRules = (
			);
			dependencies = (
			);
			name = AppLib;
			productName = AppLib;
			productReference = 55B4C9B31088A4DD00869682 /* libAppLib.a */;
			productType = "com.apple.product-type.library.static";
		};
		8D1107260486CEB800E47090 /* BRSearchField */ = {
			isa = PBXNativeTarget;
			buildConfigurationList = C01FCF4A08A954540054247B /* Build configuration list for PBXNativeTarget "BRSearchField" */;
			buildPhases = (
				8D1107290486CEB800E47090 /* Resources */,
				8D11072C0486CEB800E47090 /* Sources */,
				8D11072E0486CEB800E47090 /* Frameworks */,
			);
			buildRules = (
			);
			dependencies = (
				551F8A821088A95600A5FCBC /* PBXTargetDependency */,
			);
			name = BRSearchField;
			productInstallPath = "$(HOME)/Applications";
			productName = BRSearchField;
			productReference = 8D1107320486CEB800E47090 /* BRSearchField.app */;
			productType = "com.apple.product-type.application";
		};
/* End PBXNativeTarget section */

/* Begin PBXProject section */
		29B97313FDCFA39411CA2CEA /* Project object */ = {
			isa = PBXProject;
			buildConfigurationList = C01FCF4E08A954540054247B /* Build configuration list for PBXProject "BRSearchField" */;
			compatibilityVersion = "Xcode 3.1";
			hasScannedForEncodings = 1;
			mainGroup = 29B97314FDCFA39411CA2CEA /* BRSearchField */;
			projectDirPath = "";
			projectRoot = "";
			targets = (
				8D1107260486CEB800E47090 /* BRSearchField */,
				55B4C9A91088A4AC00869682 /* Tests */,
				55B4C9B21088A4DD00869682 /* AppLib */,
			);
		};
/* End PBXProject section */

/* Begin PBXResourcesBuildPhase section */
		8D1107290486CEB800E47090 /* Resources */ = {
			isa = PBXResourcesBuildPhase;
			buildActionMask = 2147483647;
			files = (
				8D11072B0486CEB800E47090 /* InfoPlist.strings in Resources */,
				1DDD58160DA1D0A300B32029 /* MainMenu.xib in Resources */,
				55375AC3112203650015B1D7 /* SearchIcon.png in Resources */,
			);
			runOnlyForDeploymentPostprocessing = 0;
		};
/* End PBXResourcesBuildPhase section */

/* Begin PBXSourcesBuildPhase section */
		55B4C9A71088A4AC00869682 /* Sources */ = {
			isa = PBXSourcesBuildPhase;
			buildActionMask = 2147483647;
			files = (
				55B4C9BF1088A57C00869682 /* TestCase.m in Sources */,
				55B4C9C01088A57C00869682 /* TestMain.m in Sources */,
			);
			runOnlyForDeploymentPostprocessing = 0;
		};
		55B4C9B01088A4DD00869682 /* Sources */ = {
			isa = PBXSourcesBuildPhase;
			buildActionMask = 2147483647;
			files = (
				55375A591121DAAE0015B1D7 /* Foo.m in Sources */,
			);
			runOnlyForDeploymentPostprocessing = 0;
		};
		8D11072C0486CEB800E47090 /* Sources */ = {
			isa = PBXSourcesBuildPhase;
			buildActionMask = 2147483647;
			files = (
				8D11072D0486CEB800E47090 /* main.m in Sources */,
				256AC3DA0F4B6AC300CF3369 /* BRSearchFieldAppDelegate.m in Sources */,
				55375A5D1121DDC90015B1D7 /* SearchFieldCell.m in Sources */,
				55375ADE112206790015B1D7 /* SearchField.m in Sources */,
				55375B1A1122EAE20015B1D7 /* SearchMenuWindow.m in Sources */,
				55375B1D1122EB6B0015B1D7 /* SearchMenuView.m in Sources */,
				55375F1B1126FF780015B1D7 /* SearchFieldTextView.m in Sources */,
			);
			runOnlyForDeploymentPostprocessing = 0;
		};
/* End PBXSourcesBuildPhase section */

/* Begin PBXTargetDependency section */
		551F8A821088A95600A5FCBC /* PBXTargetDependency */ = {
			isa = PBXTargetDependency;
			target = 55B4C9B21088A4DD00869682 /* AppLib */;
			targetProxy = 551F8A811088A95600A5FCBC /* PBXContainerItemProxy */;
		};
		55B4C9B71088A4EB00869682 /* PBXTargetDependency */ = {
			isa = PBXTargetDependency;
			target = 55B4C9B21088A4DD00869682 /* AppLib */;
			targetProxy = 55B4C9B61088A4EB00869682 /* PBXContainerItemProxy */;
		};
/* End PBXTargetDependency section */

/* Begin PBXVariantGroup section */
		089C165CFE840E0CC02AAC07 /* InfoPlist.strings */ = {
			isa = PBXVariantGroup;
			children = (
				089C165DFE840E0CC02AAC07 /* English */,
			);
			name = InfoPlist.strings;
			sourceTree = "<group>";
		};
		1DDD58140DA1D0A300B32029 /* MainMenu.xib */ = {
			isa = PBXVariantGroup;
			children = (
				1DDD58150DA1D0A300B32029 /* English */,
			);
			name = MainMenu.xib;
			sourceTree = "<group>";
		};
/* End PBXVariantGroup section */

/* Begin XCBuildConfiguration section */
		55B4C9AC1088A4AC00869682 /* Debug */ = {
			isa = XCBuildConfiguration;
			buildSettings = {
				ALWAYS_SEARCH_USER_PATHS = NO;
				COPY_PHASE_STRIP = NO;
				GCC_DYNAMIC_NO_PIC = NO;
				GCC_ENABLE_FIX_AND_CONTINUE = YES;
				GCC_MODEL_TUNING = G5;
				GCC_OPTIMIZATION_LEVEL = 0;
				GCC_PRECOMPILE_PREFIX_HEADER = YES;
				GCC_PREFIX_HEADER = "$(SYSTEM_LIBRARY_DIR)/Frameworks/AppKit.framework/Headers/AppKit.h";
				INSTALL_PATH = /usr/local/bin;
				LIBRARY_SEARCH_PATHS = (
					"$(inherited)",
					"\"$(SRCROOT)/build/Debug\"",
				);
				OTHER_LDFLAGS = (
					"-framework",
					Foundation,
					"-framework",
					AppKit,
				);
				PREBINDING = NO;
				PRODUCT_NAME = Tests;
			};
			name = Debug;
		};
		55B4C9AD1088A4AC00869682 /* Release */ = {
			isa = XCBuildConfiguration;
			buildSettings = {
				ALWAYS_SEARCH_USER_PATHS = NO;
				COPY_PHASE_STRIP = YES;
				DEBUG_INFORMATION_FORMAT = "dwarf-with-dsym";
				GCC_ENABLE_FIX_AND_CONTINUE = NO;
				GCC_MODEL_TUNING = G5;
				GCC_PRECOMPILE_PREFIX_HEADER = YES;
				GCC_PREFIX_HEADER = "$(SYSTEM_LIBRARY_DIR)/Frameworks/AppKit.framework/Headers/AppKit.h";
				INSTALL_PATH = /usr/local/bin;
				LIBRARY_SEARCH_PATHS = (
					"$(inherited)",
					"\"$(SRCROOT)/build/Debug\"",
				);
				OTHER_LDFLAGS = (
					"-framework",
					Foundation,
					"-framework",
					AppKit,
				);
				PREBINDING = NO;
				PRODUCT_NAME = Tests;
				ZERO_LINK = NO;
			};
			name = Release;
		};
		55B4C9B41088A4DE00869682 /* Debug */ = {
			isa = XCBuildConfiguration;
			buildSettings = {
				ALWAYS_SEARCH_USER_PATHS = NO;
				COPY_PHASE_STRIP = NO;
				GCC_DYNAMIC_NO_PIC = NO;
				GCC_ENABLE_FIX_AND_CONTINUE = YES;
				GCC_MODEL_TUNING = G5;
				GCC_OPTIMIZATION_LEVEL = 0;
				GCC_PRECOMPILE_PREFIX_HEADER = YES;
				GCC_PREFIX_HEADER = "$(SYSTEM_LIBRARY_DIR)/Frameworks/AppKit.framework/Headers/AppKit.h";
				INSTALL_PATH = /usr/local/lib;
				OTHER_LDFLAGS = (
					"-framework",
					Foundation,
					"-framework",
					AppKit,
				);
				PREBINDING = NO;
				PRODUCT_NAME = AppLib;
			};
			name = Debug;
		};
		55B4C9B51088A4DE00869682 /* Release */ = {
			isa = XCBuildConfiguration;
			buildSettings = {
				ALWAYS_SEARCH_USER_PATHS = NO;
				COPY_PHASE_STRIP = YES;
				DEBUG_INFORMATION_FORMAT = "dwarf-with-dsym";
				GCC_ENABLE_FIX_AND_CONTINUE = NO;
				GCC_MODEL_TUNING = G5;
				GCC_PRECOMPILE_PREFIX_HEADER = YES;
				GCC_PREFIX_HEADER = "$(SYSTEM_LIBRARY_DIR)/Frameworks/AppKit.framework/Headers/AppKit.h";
				INSTALL_PATH = /usr/local/lib;
				OTHER_LDFLAGS = (
					"-framework",
					Foundation,
					"-framework",
					AppKit,
				);
				PREBINDING = NO;
				PRODUCT_NAME = AppLib;
				ZERO_LINK = NO;
			};
			name = Release;
		};
		C01FCF4B08A954540054247B /* Debug */ = {
			isa = XCBuildConfiguration;
			buildSettings = {
				ALWAYS_SEARCH_USER_PATHS = NO;
				COPY_PHASE_STRIP = NO;
				GCC_DYNAMIC_NO_PIC = NO;
				GCC_ENABLE_FIX_AND_CONTINUE = YES;
				GCC_MODEL_TUNING = G5;
				GCC_OPTIMIZATION_LEVEL = 0;
				GCC_PRECOMPILE_PREFIX_HEADER = YES;
				GCC_PREFIX_HEADER = BRSearchField_Prefix.pch;
				INFOPLIST_FILE = "BRSearchField-Info.plist";
				INSTALL_PATH = "$(HOME)/Applications";
				PRODUCT_NAME = BRSearchField;
			};
			name = Debug;
		};
		C01FCF4C08A954540054247B /* Release */ = {
			isa = XCBuildConfiguration;
			buildSettings = {
				ALWAYS_SEARCH_USER_PATHS = NO;
				DEBUG_INFORMATION_FORMAT = "dwarf-with-dsym";
				GCC_MODEL_TUNING = G5;
				GCC_PRECOMPILE_PREFIX_HEADER = YES;
				GCC_PREFIX_HEADER = BRSearchField_Prefix.pch;
				INFOPLIST_FILE = "BRSearchField-Info.plist";
				INSTALL_PATH = "$(HOME)/Applications";
				PRODUCT_NAME = BRSearchField;
			};
			name = Release;
		};
		C01FCF4F08A954540054247B /* Debug */ = {
			isa = XCBuildConfiguration;
			buildSettings = {
				ARCHS = "$(ARCHS_STANDARD_32_64_BIT)";
				GCC_C_LANGUAGE_STANDARD = gnu99;
				GCC_OPTIMIZATION_LEVEL = 0;
				GCC_WARN_ABOUT_RETURN_TYPE = YES;
				GCC_WARN_UNUSED_VARIABLE = YES;
				ONLY_ACTIVE_ARCH = YES;
				PREBINDING = NO;
				SDKROOT = macosx10.6;
			};
			name = Debug;
		};
		C01FCF5008A954540054247B /* Release */ = {
			isa = XCBuildConfiguration;
			buildSettings = {
				ARCHS = "$(ARCHS_STANDARD_32_64_BIT)";
				GCC_C_LANGUAGE_STANDARD = gnu99;
				GCC_WARN_ABOUT_RETURN_TYPE = YES;
				GCC_WARN_UNUSED_VARIABLE = YES;
				PREBINDING = NO;
				SDKROOT = macosx10.6;
			};
			name = Release;
		};
/* End XCBuildConfiguration section */

/* Begin XCConfigurationList section */
		55B4C9AE1088A4CA00869682 /* Build configuration list for PBXNativeTarget "Tests" */ = {
			isa = XCConfigurationList;
			buildConfigurations = (
				55B4C9AC1088A4AC00869682 /* Debug */,
				55B4C9AD1088A4AC00869682 /* Release */,
			);
			defaultConfigurationIsVisible = 0;
			defaultConfigurationName = Release;
		};
		55B4C9BB1088A50400869682 /* Build configuration list for PBXNativeTarget "AppLib" */ = {
			isa = XCConfigurationList;
			buildConfigurations = (
				55B4C9B41088A4DE00869682 /* Debug */,
				55B4C9B51088A4DE00869682 /* Release */,
			);
			defaultConfigurationIsVisible = 0;
			defaultConfigurationName = Release;
		};
		C01FCF4A08A954540054247B /* Build configuration list for PBXNativeTarget "BRSearchField" */ = {
			isa = XCConfigurationList;
			buildConfigurations = (
				C01FCF4B08A954540054247B /* Debug */,
				C01FCF4C08A954540054247B /* Release */,
			);
			defaultConfigurationIsVisible = 0;
			defaultConfigurationName = Release;
		};
		C01FCF4E08A954540054247B /* Build configuration list for PBXProject "BRSearchField" */ = {
			isa = XCConfigurationList;
			buildConfigurations = (
				C01FCF4F08A954540054247B /* Debug */,
				C01FCF5008A954540054247B /* Release */,
			);
			defaultConfigurationIsVisible = 0;
			defaultConfigurationName = Release;
		};
/* End XCConfigurationList section */
	};
	rootObject = 29B97313FDCFA39411CA2CEA /* Project object */;
}
